// !$*UTF8*$!
{
	archiveVersion = 1;
	classes = {
	};
	objectVersion = 46;
	objects = {

/* Begin PBXBuildFile section */
		3885866F19CA9CBC00E79A17 /* AppDelegate.swift in Sources */ = {isa = PBXBuildFile; fileRef = 3885866E19CA9CBC00E79A17 /* AppDelegate.swift */; };
		3885867219CA9CBC00E79A17 /* Accord.xcdatamodeld in Sources */ = {isa = PBXBuildFile; fileRef = 3885867019CA9CBC00E79A17 /* Accord.xcdatamodeld */; };
		3885867419CA9CBC00E79A17 /* ViewController.swift in Sources */ = {isa = PBXBuildFile; fileRef = 3885867319CA9CBC00E79A17 /* ViewController.swift */; };
		3885867719CA9CBC00E79A17 /* Main.storyboard in Resources */ = {isa = PBXBuildFile; fileRef = 3885867519CA9CBC00E79A17 /* Main.storyboard */; };
		3885867919CA9CBC00E79A17 /* Images.xcassets in Resources */ = {isa = PBXBuildFile; fileRef = 3885867819CA9CBC00E79A17 /* Images.xcassets */; };
		3885867C19CA9CBC00E79A17 /* LaunchScreen.xib in Resources */ = {isa = PBXBuildFile; fileRef = 3885867A19CA9CBC00E79A17 /* LaunchScreen.xib */; };
		3885868819CA9CBC00E79A17 /* AccordTests.swift in Sources */ = {isa = PBXBuildFile; fileRef = 3885868719CA9CBC00E79A17 /* AccordTests.swift */; };
/* End PBXBuildFile section */

/* Begin PBXContainerItemProxy section */
		3885868219CA9CBC00E79A17 /* PBXContainerItemProxy */ = {
			isa = PBXContainerItemProxy;
			containerPortal = 3885866119CA9CBC00E79A17 /* Project object */;
			proxyType = 1;
			remoteGlobalIDString = 3885866819CA9CBC00E79A17;
			remoteInfo = Accord;
		};
/* End PBXContainerItemProxy section */

/* Begin PBXFileReference section */
		3885866919CA9CBC00E79A17 /* Accord.app */ = {isa = PBXFileReference; explicitFileType = wrapper.application; includeInIndex = 0; path = Accord.app; sourceTree = BUILT_PRODUCTS_DIR; };
		3885866D19CA9CBC00E79A17 /* Info.plist */ = {isa = PBXFileReference; lastKnownFileType = text.plist.xml; path = Info.plist; sourceTree = "<group>"; };
		3885866E19CA9CBC00E79A17 /* AppDelegate.swift */ = {isa = PBXFileReference; lastKnownFileType = sourcecode.swift; path = AppDelegate.swift; sourceTree = "<group>"; };
		3885867119CA9CBC00E79A17 /* Accord.xcdatamodel */ = {isa = PBXFileReference; lastKnownFileType = wrapper.xcdatamodel; path = Accord.xcdatamodel; sourceTree = "<group>"; };
		3885867319CA9CBC00E79A17 /* ViewController.swift */ = {isa = PBXFileReference; lastKnownFileType = sourcecode.swift; path = ViewController.swift; sourceTree = "<group>"; };
		3885867619CA9CBC00E79A17 /* Base */ = {isa = PBXFileReference; lastKnownFileType = file.storyboard; name = Base; path = Base.lproj/Main.storyboard; sourceTree = "<group>"; };
		3885867819CA9CBC00E79A17 /* Images.xcassets */ = {isa = PBXFileReference; lastKnownFileType = folder.assetcatalog; path = Images.xcassets; sourceTree = "<group>"; };
		3885867B19CA9CBC00E79A17 /* Base */ = {isa = PBXFileReference; lastKnownFileType = file.xib; name = Base; path = Base.lproj/LaunchScreen.xib; sourceTree = "<group>"; };
		3885868119CA9CBC00E79A17 /* AccordTests.xctest */ = {isa = PBXFileReference; explicitFileType = wrapper.cfbundle; includeInIndex = 0; path = AccordTests.xctest; sourceTree = BUILT_PRODUCTS_DIR; };
		3885868619CA9CBC00E79A17 /* Info.plist */ = {isa = PBXFileReference; lastKnownFileType = text.plist.xml; path = Info.plist; sourceTree = "<group>"; };
		3885868719CA9CBC00E79A17 /* AccordTests.swift */ = {isa = PBXFileReference; lastKnownFileType = sourcecode.swift; path = AccordTests.swift; sourceTree = "<group>"; };
/* End PBXFileReference section */

/* Begin PBXFrameworksBuildPhase section */
		3885866619CA9CBC00E79A17 /* Frameworks */ = {
			isa = PBXFrameworksBuildPhase;
			buildActionMask = 2147483647;
			files = (
			);
			runOnlyForDeploymentPostprocessing = 0;
		};
		3885867E19CA9CBC00E79A17 /* Frameworks */ = {
			isa = PBXFrameworksBuildPhase;
			buildActionMask = 2147483647;
			files = (
			);
			runOnlyForDeploymentPostprocessing = 0;
		};
/* End PBXFrameworksBuildPhase section */

/* Begin PBXGroup section */
		3885866019CA9CBC00E79A17 = {
			isa = PBXGroup;
			children = (
				3885866B19CA9CBC00E79A17 /* Accord */,
				3885868419CA9CBC00E79A17 /* AccordTests */,
				3885866A19CA9CBC00E79A17 /* Products */,
			);
			sourceTree = "<group>";
		};
		3885866A19CA9CBC00E79A17 /* Products */ = {
			isa = PBXGroup;
			children = (
				3885866919CA9CBC00E79A17 /* Accord.app */,
				3885868119CA9CBC00E79A17 /* AccordTests.xctest */,
			);
			name = Products;
			sourceTree = "<group>";
		};
		3885866B19CA9CBC00E79A17 /* Accord */ = {
			isa = PBXGroup;
			children = (
				3885866E19CA9CBC00E79A17 /* AppDelegate.swift */,
				3885869319CA9CD400E79A17 /* Model */,
				3885869219CA9CCE00E79A17 /* Controller */,
				3885869119CA9CC700E79A17 /* View */,
				3885867819CA9CBC00E79A17 /* Images.xcassets */,
				3885866C19CA9CBC00E79A17 /* Supporting Files */,
			);
			path = Accord;
			sourceTree = "<group>";
		};
		3885866C19CA9CBC00E79A17 /* Supporting Files */ = {
			isa = PBXGroup;
			children = (
				3885866D19CA9CBC00E79A17 /* Info.plist */,
			);
			name = "Supporting Files";
			sourceTree = "<group>";
		};
		3885868419CA9CBC00E79A17 /* AccordTests */ = {
			isa = PBXGroup;
			children = (
				3885868719CA9CBC00E79A17 /* AccordTests.swift */,
				3885868519CA9CBC00E79A17 /* Supporting Files */,
			);
			path = AccordTests;
			sourceTree = "<group>";
		};
		3885868519CA9CBC00E79A17 /* Supporting Files */ = {
			isa = PBXGroup;
			children = (
				3885868619CA9CBC00E79A17 /* Info.plist */,
			);
			name = "Supporting Files";
			sourceTree = "<group>";
		};
		3885869119CA9CC700E79A17 /* View */ = {
			isa = PBXGroup;
			children = (
				3885867519CA9CBC00E79A17 /* Main.storyboard */,
				3885867A19CA9CBC00E79A17 /* LaunchScreen.xib */,
			);
			name = View;
			sourceTree = "<group>";
		};
		3885869219CA9CCE00E79A17 /* Controller */ = {
			isa = PBXGroup;
			children = (
				3885867319CA9CBC00E79A17 /* ViewController.swift */,
			);
			name = Controller;
			sourceTree = "<group>";
		};
		3885869319CA9CD400E79A17 /* Model */ = {
			isa = PBXGroup;
			children = (
				3885867019CA9CBC00E79A17 /* Accord.xcdatamodeld */,
			);
			name = Model;
			sourceTree = "<group>";
		};
/* End PBXGroup section */

/* Begin PBXNativeTarget section */
		3885866819CA9CBC00E79A17 /* Accord */ = {
			isa = PBXNativeTarget;
			buildConfigurationList = 3885868B19CA9CBC00E79A17 /* Build configuration list for PBXNativeTarget "Accord" */;
			buildPhases = (
				3885866519CA9CBC00E79A17 /* Sources */,
				3885866619CA9CBC00E79A17 /* Frameworks */,
				3885866719CA9CBC00E79A17 /* Resources */,
			);
			buildRules = (
			);
			dependencies = (
			);
			name = Accord;
			productName = Accord;
			productReference = 3885866919CA9CBC00E79A17 /* Accord.app */;
			productType = "com.apple.product-type.application";
		};
		3885868019CA9CBC00E79A17 /* AccordTests */ = {
			isa = PBXNativeTarget;
			buildConfigurationList = 3885868E19CA9CBC00E79A17 /* Build configuration list for PBXNativeTarget "AccordTests" */;
			buildPhases = (
				3885867D19CA9CBC00E79A17 /* Sources */,
				3885867E19CA9CBC00E79A17 /* Frameworks */,
				3885867F19CA9CBC00E79A17 /* Resources */,
			);
			buildRules = (
			);
			dependencies = (
				3885868319CA9CBC00E79A17 /* PBXTargetDependency */,
			);
			name = AccordTests;
			productName = AccordTests;
			productReference = 3885868119CA9CBC00E79A17 /* AccordTests.xctest */;
			productType = "com.apple.product-type.bundle.unit-test";
		};
/* End PBXNativeTarget section */

/* Begin PBXProject section */
		3885866119CA9CBC00E79A17 /* Project object */ = {
			isa = PBXProject;
			attributes = {
				LastUpgradeCheck = 0600;
				ORGANIZATIONNAME = "Leonardo Lee";
				TargetAttributes = {
					3885866819CA9CBC00E79A17 = {
						CreatedOnToolsVersion = 6.0.1;
					};
					3885868019CA9CBC00E79A17 = {
						CreatedOnToolsVersion = 6.0.1;
						TestTargetID = 3885866819CA9CBC00E79A17;
					};
				};
			};
			buildConfigurationList = 3885866419CA9CBC00E79A17 /* Build configuration list for PBXProject "Accord" */;
			compatibilityVersion = "Xcode 3.2";
			developmentRegion = English;
			hasScannedForEncodings = 0;
			knownRegions = (
				en,
				Base,
			);
			mainGroup = 3885866019CA9CBC00E79A17;
			productRefGroup = 3885866A19CA9CBC00E79A17 /* Products */;
			projectDirPath = "";
			projectRoot = "";
			targets = (
				3885866819CA9CBC00E79A17 /* Accord */,
				3885868019CA9CBC00E79A17 /* AccordTests */,
			);
		};
/* End PBXProject section */

/* Begin PBXResourcesBuildPhase section */
		3885866719CA9CBC00E79A17 /* Resources */ = {
			isa = PBXResourcesBuildPhase;
			buildActionMask = 2147483647;
			files = (
				3885867719CA9CBC00E79A17 /* Main.storyboard in Resources */,
				3885867C19CA9CBC00E79A17 /* LaunchScreen.xib in Resources */,
				3885867919CA9CBC00E79A17 /* Images.xcassets in Resources */,
			);
			runOnlyForDeploymentPostprocessing = 0;
		};
		3885867F19CA9CBC00E79A17 /* Resources */ = {
			isa = PBXResourcesBuildPhase;
			buildActionMask = 2147483647;
			files = (
			);
			runOnlyForDeploymentPostprocessing = 0;
		};
/* End PBXResourcesBuildPhase section */

/* Begin PBXSourcesBuildPhase section */
		3885866519CA9CBC00E79A17 /* Sources */ = {
			isa = PBXSourcesBuildPhase;
			buildActionMask = 2147483647;
			files = (
				3885867419CA9CBC00E79A17 /* ViewController.swift in Sources */,
				3885866F19CA9CBC00E79A17 /* AppDelegate.swift in Sources */,
				3885867219CA9CBC00E79A17 /* Accord.xcdatamodeld in Sources */,
			);
			runOnlyForDeploymentPostprocessing = 0;
		};
		3885867D19CA9CBC00E79A17 /* Sources */ = {
			isa = PBXSourcesBuildPhase;
			buildActionMask = 2147483647;
			files = (
				3885868819CA9CBC00E79A17 /* AccordTests.swift in Sources */,
			);
			runOnlyForDeploymentPostprocessing = 0;
		};
/* End PBXSourcesBuildPhase section */

/* Begin PBXTargetDependency section */
		3885868319CA9CBC00E79A17 /* PBXTargetDependency */ = {
			isa = PBXTargetDependency;
			target = 3885866819CA9CBC00E79A17 /* Accord */;
			targetProxy = 3885868219CA9CBC00E79A17 /* PBXContainerItemProxy */;
		};
/* End PBXTargetDependency section */

/* Begin PBXVariantGroup section */
		3885867519CA9CBC00E79A17 /* Main.storyboard */ = {
			isa = PBXVariantGroup;
			children = (
				3885867619CA9CBC00E79A17 /* Base */,
			);
			name = Main.storyboard;
			sourceTree = "<group>";
		};
		3885867A19CA9CBC00E79A17 /* LaunchScreen.xib */ = {
			isa = PBXVariantGroup;
			children = (
				3885867B19CA9CBC00E79A17 /* Base */,
			);
			name = LaunchScreen.xib;
			sourceTree = "<group>";
		};
/* End PBXVariantGroup section */

/* Begin XCBuildConfiguration section */
		3885868919CA9CBC00E79A17 /* Debug */ = {
			isa = XCBuildConfiguration;
			buildSettings = {
				ALWAYS_SEARCH_USER_PATHS = NO;
				CLANG_CXX_LANGUAGE_STANDARD = "gnu++0x";
				CLANG_CXX_LIBRARY = "libc++";
				CLANG_ENABLE_MODULES = YES;
				CLANG_ENABLE_OBJC_ARC = YES;
				CLANG_WARN_BOOL_CONVERSION = YES;
				CLANG_WARN_CONSTANT_CONVERSION = YES;
				CLANG_WARN_DIRECT_OBJC_ISA_USAGE = YES_ERROR;
				CLANG_WARN_EMPTY_BODY = YES;
				CLANG_WARN_ENUM_CONVERSION = YES;
				CLANG_WARN_INT_CONVERSION = YES;
				CLANG_WARN_OBJC_ROOT_CLASS = YES_ERROR;
				CLANG_WARN_UNREACHABLE_CODE = YES;
				CLANG_WARN__DUPLICATE_METHOD_MATCH = YES;
				"CODE_SIGN_IDENTITY[sdk=iphoneos*]" = "iPhone Developer";
				COPY_PHASE_STRIP = NO;
				ENABLE_STRICT_OBJC_MSGSEND = YES;
				GCC_C_LANGUAGE_STANDARD = gnu99;
				GCC_DYNAMIC_NO_PIC = NO;
				GCC_OPTIMIZATION_LEVEL = 0;
				GCC_PREPROCESSOR_DEFINITIONS = (
					"DEBUG=1",
					"$(inherited)",
				);
				GCC_SYMBOLS_PRIVATE_EXTERN = NO;
				GCC_WARN_64_TO_32_BIT_CONVERSION = YES;
				GCC_WARN_ABOUT_RETURN_TYPE = YES_ERROR;
				GCC_WARN_UNDECLARED_SELECTOR = YES;
				GCC_WARN_UNINITIALIZED_AUTOS = YES_AGGRESSIVE;
				GCC_WARN_UNUSED_FUNCTION = YES;
				GCC_WARN_UNUSED_VARIABLE = YES;
				IPHONEOS_DEPLOYMENT_TARGET = 8.0;
				MTL_ENABLE_DEBUG_INFO = YES;
				ONLY_ACTIVE_ARCH = YES;
				SDKROOT = iphoneos;
				SWIFT_OPTIMIZATION_LEVEL = "-Onone";
				TARGETED_DEVICE_FAMILY = "1,2";
			};
			name = Debug;
		};
		3885868A19CA9CBC00E79A17 /* Release */ = {
			isa = XCBuildConfiguration;
			buildSettings = {
				ALWAYS_SEARCH_USER_PATHS = NO;
				CLANG_CXX_LANGUAGE_STANDARD = "gnu++0x";
				CLANG_CXX_LIBRARY = "libc++";
				CLANG_ENABLE_MODULES = YES;
				CLANG_ENABLE_OBJC_ARC = YES;
				CLANG_WARN_BOOL_CONVERSION = YES;
				CLANG_WARN_CONSTANT_CONVERSION = YES;
				CLANG_WARN_DIRECT_OBJC_ISA_USAGE = YES_ERROR;
				CLANG_WARN_EMPTY_BODY = YES;
				CLANG_WARN_ENUM_CONVERSION = YES;
				CLANG_WARN_INT_CONVERSION = YES;
				CLANG_WARN_OBJC_ROOT_CLASS = YES_ERROR;
				CLANG_WARN_UNREACHABLE_CODE = YES;
				CLANG_WARN__DUPLICATE_METHOD_MATCH = YES;
				"CODE_SIGN_IDENTITY[sdk=iphoneos*]" = "iPhone Developer";
				COPY_PHASE_STRIP = YES;
				ENABLE_NS_ASSERTIONS = NO;
				ENABLE_STRICT_OBJC_MSGSEND = YES;
				GCC_C_LANGUAGE_STANDARD = gnu99;
				GCC_WARN_64_TO_32_BIT_CONVERSION = YES;
				GCC_WARN_ABOUT_RETURN_TYPE = YES_ERROR;
				GCC_WARN_UNDECLARED_SELECTOR = YES;
				GCC_WARN_UNINITIALIZED_AUTOS = YES_AGGRESSIVE;
				GCC_WARN_UNUSED_FUNCTION = YES;
				GCC_WARN_UNUSED_VARIABLE = YES;
				IPHONEOS_DEPLOYMENT_TARGET = 8.0;
				MTL_ENABLE_DEBUG_INFO = NO;
				SDKROOT = iphoneos;
				TARGETED_DEVICE_FAMILY = "1,2";
				VALIDATE_PRODUCT = YES;
			};
			name = Release;
		};
		3885868C19CA9CBC00E79A17 /* Debug */ = {
			isa = XCBuildConfiguration;
			buildSettings = {
				ASSETCATALOG_COMPILER_APPICON_NAME = AppIcon;
				INFOPLIST_FILE = Accord/Info.plist;
				LD_RUNPATH_SEARCH_PATHS = "$(inherited) @executable_path/Frameworks";
				PRODUCT_NAME = "$(TARGET_NAME)";
			};
			name = Debug;
		};
		3885868D19CA9CBC00E79A17 /* Release */ = {
			isa = XCBuildConfiguration;
			buildSettings = {
				ASSETCATALOG_COMPILER_APPICON_NAME = AppIcon;
				INFOPLIST_FILE = Accord/Info.plist;
				LD_RUNPATH_SEARCH_PATHS = "$(inherited) @executable_path/Frameworks";
				PRODUCT_NAME = "$(TARGET_NAME)";
			};
			name = Release;
		};
		3885868F19CA9CBC00E79A17 /* Debug */ = {
			isa = XCBuildConfiguration;
			buildSettings = {
				BUNDLE_LOADER = "$(TEST_HOST)";
				FRAMEWORK_SEARCH_PATHS = (
					"$(SDKROOT)/Developer/Library/Frameworks",
					"$(inherited)",
				);
				GCC_PREPROCESSOR_DEFINITIONS = (
					"DEBUG=1",
					"$(inherited)",
				);
				INFOPLIST_FILE = AccordTests/Info.plist;
				LD_RUNPATH_SEARCH_PATHS = "$(inherited) @executable_path/Frameworks @loader_path/Frameworks";
				PRODUCT_NAME = "$(TARGET_NAME)";
				TEST_HOST = "$(BUILT_PRODUCTS_DIR)/Accord.app/Accord";
			};
			name = Debug;
		};
		3885869019CA9CBC00E79A17 /* Release */ = {
			isa = XCBuildConfiguration;
			buildSettings = {
				BUNDLE_LOADER = "$(TEST_HOST)";
				FRAMEWORK_SEARCH_PATHS = (
					"$(SDKROOT)/Developer/Library/Frameworks",
					"$(inherited)",
				);
				INFOPLIST_FILE = AccordTests/Info.plist;
				LD_RUNPATH_SEARCH_PATHS = "$(inherited) @executable_path/Frameworks @loader_path/Frameworks";
				PRODUCT_NAME = "$(TARGET_NAME)";
				TEST_HOST = "$(BUILT_PRODUCTS_DIR)/Accord.app/Accord";
			};
			name = Release;
		};
/* End XCBuildConfiguration section */

/* Begin XCConfigurationList section */
		3885866419CA9CBC00E79A17 /* Build configuration list for PBXProject "Accord" */ = {
			isa = XCConfigurationList;
			buildConfigurations = (
				3885868919CA9CBC00E79A17 /* Debug */,
				3885868A19CA9CBC00E79A17 /* Release */,
			);
			defaultConfigurationIsVisible = 0;
			defaultConfigurationName = Release;
		};
		3885868B19CA9CBC00E79A17 /* Build configuration list for PBXNativeTarget "Accord" */ = {
			isa = XCConfigurationList;
			buildConfigurations = (
				3885868C19CA9CBC00E79A17 /* Debug */,
				3885868D19CA9CBC00E79A17 /* Release */,
			);
			defaultConfigurationIsVisible = 0;
		};
		3885868E19CA9CBC00E79A17 /* Build configuration list for PBXNativeTarget "AccordTests" */ = {
			isa = XCConfigurationList;
			buildConfigurations = (
				3885868F19CA9CBC00E79A17 /* Debug */,
				3885869019CA9CBC00E79A17 /* Release */,
			);
			defaultConfigurationIsVisible = 0;
		};
/* End XCConfigurationList section */

/* Begin XCVersionGroup section */
		3885867019CA9CBC00E79A17 /* Accord.xcdatamodeld */ = {
			isa = XCVersionGroup;
			children = (
				3885867119CA9CBC00E79A17 /* Accord.xcdatamodel */,
			);
			currentVersion = 3885867119CA9CBC00E79A17 /* Accord.xcdatamodel */;
			path = Accord.xcdatamodeld;
			sourceTree = "<group>";
			versionGroupType = wrapper.xcdatamodel;
		};
/* End XCVersionGroup section */
	};
	rootObject = 3885866119CA9CBC00E79A17 /* Project object */;
}
