// !$*UTF8*$!
{
	archiveVersion = 1;
	classes = {
	};
	objectVersion = 46;
	objects = {

/* Begin PBXBuildFile section */
		38001BFE19F5765500D66A7A /* NewChoreViewController.swift in Sources */ = {isa = PBXBuildFile; fileRef = 38001BFD19F5765500D66A7A /* NewChoreViewController.swift */; };
		38001C0019F590F300D66A7A /* NewListViewController.swift in Sources */ = {isa = PBXBuildFile; fileRef = 38001BFF19F590F300D66A7A /* NewListViewController.swift */; };
		381D8C9119F346CA002F587F /* ListChoresViewController.swift in Sources */ = {isa = PBXBuildFile; fileRef = 381D8C9019F346CA002F587F /* ListChoresViewController.swift */; };
		3836BE8D1A097DF500E38CC0 /* EventKit.framework in Frameworks */ = {isa = PBXBuildFile; fileRef = 3836BE8C1A097DF500E38CC0 /* EventKit.framework */; };
		3836BE911A09808200E38CC0 /* AddressBook.framework in Frameworks */ = {isa = PBXBuildFile; fileRef = 3836BE8E1A09808200E38CC0 /* AddressBook.framework */; };
		3836BE921A09808200E38CC0 /* AddressBookUI.framework in Frameworks */ = {isa = PBXBuildFile; fileRef = 3836BE8F1A09808200E38CC0 /* AddressBookUI.framework */; };
		3836BE931A09808200E38CC0 /* MessageUI.framework in Frameworks */ = {isa = PBXBuildFile; fileRef = 3836BE901A09808200E38CC0 /* MessageUI.framework */; };
		3836BE951A09823500E38CC0 /* AddressController.swift in Sources */ = {isa = PBXBuildFile; fileRef = 3836BE941A09823500E38CC0 /* AddressController.swift */; };
		385A3E9A1A05EA220059C67E /* MessageController.swift in Sources */ = {isa = PBXBuildFile; fileRef = 385A3E991A05EA220059C67E /* MessageController.swift */; };
		385DA08319F1A35D007FED54 /* flow-merge.svg in Resources */ = {isa = PBXBuildFile; fileRef = 385DA06D19F1A35D007FED54 /* flow-merge.svg */; };
		385DA08419F1A35D007FED54 /* flow-parallel.svg in Resources */ = {isa = PBXBuildFile; fileRef = 385DA06E19F1A35D007FED54 /* flow-parallel.svg */; };
		385DA08519F1A35D007FED54 /* flow-switch.svg in Resources */ = {isa = PBXBuildFile; fileRef = 385DA06F19F1A35D007FED54 /* flow-switch.svg */; };
		385DA08619F1A35D007FED54 /* infinity.svg in Resources */ = {isa = PBXBuildFile; fileRef = 385DA07019F1A35D007FED54 /* infinity.svg */; };
		385DA08719F1A35D007FED54 /* minus-outline.svg in Resources */ = {isa = PBXBuildFile; fileRef = 385DA07119F1A35D007FED54 /* minus-outline.svg */; };
		385DA08819F1A35D007FED54 /* minus.svg in Resources */ = {isa = PBXBuildFile; fileRef = 385DA07219F1A35D007FED54 /* minus.svg */; };
		385DA08919F1A35D007FED54 /* plus-outline.svg in Resources */ = {isa = PBXBuildFile; fileRef = 385DA07319F1A35D007FED54 /* plus-outline.svg */; };
		385DA08A19F1A35D007FED54 /* plus.svg in Resources */ = {isa = PBXBuildFile; fileRef = 385DA07419F1A35D007FED54 /* plus.svg */; };
		385DA08B19F1A35D007FED54 /* star-outline.svg in Resources */ = {isa = PBXBuildFile; fileRef = 385DA07519F1A35D007FED54 /* star-outline.svg */; };
		385DA08C19F1A35D007FED54 /* star.svg in Resources */ = {isa = PBXBuildFile; fileRef = 385DA07619F1A35D007FED54 /* star.svg */; };
		385DA08D19F1A35D007FED54 /* th-list-outline.svg in Resources */ = {isa = PBXBuildFile; fileRef = 385DA07719F1A35D007FED54 /* th-list-outline.svg */; };
		385DA08E19F1A35D007FED54 /* th-list.svg in Resources */ = {isa = PBXBuildFile; fileRef = 385DA07819F1A35D007FED54 /* th-list.svg */; };
		385DA08F19F1A35D007FED54 /* tick-outline.svg in Resources */ = {isa = PBXBuildFile; fileRef = 385DA07919F1A35D007FED54 /* tick-outline.svg */; };
		385DA09019F1A35D007FED54 /* tick.svg in Resources */ = {isa = PBXBuildFile; fileRef = 385DA07A19F1A35D007FED54 /* tick.svg */; };
		385DA09119F1A35D007FED54 /* times-outline.svg in Resources */ = {isa = PBXBuildFile; fileRef = 385DA07B19F1A35D007FED54 /* times-outline.svg */; };
		385DA09219F1A35D007FED54 /* times.svg in Resources */ = {isa = PBXBuildFile; fileRef = 385DA07C19F1A35D007FED54 /* times.svg */; };
		385DA09319F1A35D007FED54 /* user-add-outline.svg in Resources */ = {isa = PBXBuildFile; fileRef = 385DA07D19F1A35D007FED54 /* user-add-outline.svg */; };
		385DA09419F1A35D007FED54 /* user-add.svg in Resources */ = {isa = PBXBuildFile; fileRef = 385DA07E19F1A35D007FED54 /* user-add.svg */; };
		385DA09519F1A35D007FED54 /* user-delete-outline.svg in Resources */ = {isa = PBXBuildFile; fileRef = 385DA07F19F1A35D007FED54 /* user-delete-outline.svg */; };
		385DA09619F1A35D007FED54 /* user-delete.svg in Resources */ = {isa = PBXBuildFile; fileRef = 385DA08019F1A35D007FED54 /* user-delete.svg */; };
		385DA09719F1A35D007FED54 /* user-outline.svg in Resources */ = {isa = PBXBuildFile; fileRef = 385DA08119F1A35D007FED54 /* user-outline.svg */; };
		385DA09819F1A35D007FED54 /* user.svg in Resources */ = {isa = PBXBuildFile; fileRef = 385DA08219F1A35D007FED54 /* user.svg */; };
		385DA09A19F1B363007FED54 /* ChoreCell.xib in Resources */ = {isa = PBXBuildFile; fileRef = 385DA09919F1B363007FED54 /* ChoreCell.xib */; };
		385DA09C19F1B3A4007FED54 /* ChoreCell.swift in Sources */ = {isa = PBXBuildFile; fileRef = 385DA09B19F1B3A4007FED54 /* ChoreCell.swift */; };
		385DA09E19F1B852007FED54 /* UserViewController.swift in Sources */ = {isa = PBXBuildFile; fileRef = 385DA09D19F1B852007FED54 /* UserViewController.swift */; };
		385DA0A019F1B85F007FED54 /* ListViewController.swift in Sources */ = {isa = PBXBuildFile; fileRef = 385DA09F19F1B85F007FED54 /* ListViewController.swift */; };
		385DA0A219F1BEAC007FED54 /* UserSettingViewController.swift in Sources */ = {isa = PBXBuildFile; fileRef = 385DA0A119F1BEAC007FED54 /* UserSettingViewController.swift */; };
		385DA0A419F1C9F2007FED54 /* BoolSettingCell.swift in Sources */ = {isa = PBXBuildFile; fileRef = 385DA0A319F1C9F2007FED54 /* BoolSettingCell.swift */; };
		385DA0A619F1CA00007FED54 /* BoolSettingCell.xib in Resources */ = {isa = PBXBuildFile; fileRef = 385DA0A519F1CA00007FED54 /* BoolSettingCell.xib */; };
		385F7EFB1A0EE725006EC126 /* TwitterKit.framework in Frameworks */ = {isa = PBXBuildFile; fileRef = 385F7EF81A0EE725006EC126 /* TwitterKit.framework */; };
		385F7EFC1A0EE725006EC126 /* TwitterKitResources.bundle in Resources */ = {isa = PBXBuildFile; fileRef = 385F7EF91A0EE725006EC126 /* TwitterKitResources.bundle */; };
		385F7EFD1A0EE725006EC126 /* Fabric.framework in Frameworks */ = {isa = PBXBuildFile; fileRef = 385F7EFA1A0EE725006EC126 /* Fabric.framework */; };
		385F7EFF1A0EE93B006EC126 /* Crashlytics.framework in Frameworks */ = {isa = PBXBuildFile; fileRef = 385F7EFE1A0EE93B006EC126 /* Crashlytics.framework */; };
		3885866F19CA9CBC00E79A17 /* AppDelegate.swift in Sources */ = {isa = PBXBuildFile; fileRef = 3885866E19CA9CBC00E79A17 /* AppDelegate.swift */; };
		3885867219CA9CBC00E79A17 /* Accord.xcdatamodeld in Sources */ = {isa = PBXBuildFile; fileRef = 3885867019CA9CBC00E79A17 /* Accord.xcdatamodeld */; };
		3885867719CA9CBC00E79A17 /* Main.storyboard in Resources */ = {isa = PBXBuildFile; fileRef = 3885867519CA9CBC00E79A17 /* Main.storyboard */; };
		3885867919CA9CBC00E79A17 /* Images.xcassets in Resources */ = {isa = PBXBuildFile; fileRef = 3885867819CA9CBC00E79A17 /* Images.xcassets */; };
		3885867C19CA9CBC00E79A17 /* LaunchScreen.xib in Resources */ = {isa = PBXBuildFile; fileRef = 3885867A19CA9CBC00E79A17 /* LaunchScreen.xib */; };
		3885868819CA9CBC00E79A17 /* AccordTests.swift in Sources */ = {isa = PBXBuildFile; fileRef = 3885868719CA9CBC00E79A17 /* AccordTests.swift */; };
		38A1E8441A140E79008CD632 /* Changelog.txt in Resources */ = {isa = PBXBuildFile; fileRef = 38A1E7C91A140E79008CD632 /* Changelog.txt */; };
		38A1E8631A140E79008CD632 /* Readme.txt in Resources */ = {isa = PBXBuildFile; fileRef = 38A1E7FF1A140E79008CD632 /* Readme.txt */; };
		38A1E8641A140E79008CD632 /* Changelog.txt in Resources */ = {isa = PBXBuildFile; fileRef = 38A1E8011A140E79008CD632 /* Changelog.txt */; };
		38A1E88E1A140E79008CD632 /* Readme.txt in Resources */ = {isa = PBXBuildFile; fileRef = 38A1E8401A140E79008CD632 /* Readme.txt */; };
		38A1E88F1A140E79008CD632 /* libAdIdAccess.a in Frameworks */ = {isa = PBXBuildFile; fileRef = 38A1E8411A140E79008CD632 /* libAdIdAccess.a */; };
		38A1E8901A140E79008CD632 /* libGoogleAnalyticsServices.a in Frameworks */ = {isa = PBXBuildFile; fileRef = 38A1E8421A140E79008CD632 /* libGoogleAnalyticsServices.a */; };
		38A1E8911A140E79008CD632 /* Readme.txt in Resources */ = {isa = PBXBuildFile; fileRef = 38A1E8431A140E79008CD632 /* Readme.txt */; };
		38A1E8991A140F9E008CD632 /* SystemConfiguration.framework in Frameworks */ = {isa = PBXBuildFile; fileRef = 38A1E8981A140F9E008CD632 /* SystemConfiguration.framework */; };
		38A1E89B1A140FAB008CD632 /* libz.dylib in Frameworks */ = {isa = PBXBuildFile; fileRef = 38A1E89A1A140FAB008CD632 /* libz.dylib */; };
		38A1E89D1A140FB2008CD632 /* libsqlite3.dylib in Frameworks */ = {isa = PBXBuildFile; fileRef = 38A1E89C1A140FB2008CD632 /* libsqlite3.dylib */; };
		38A1E89F1A140FDF008CD632 /* AdSupport.framework in Frameworks */ = {isa = PBXBuildFile; fileRef = 38A1E89E1A140FDF008CD632 /* AdSupport.framework */; };
		38A5FB1A19CAA8E700FCB998 /* CalendarController.swift in Sources */ = {isa = PBXBuildFile; fileRef = 38A5FB1919CAA8E700FCB998 /* CalendarController.swift */; };
		38BFE66219CCC54800E130D5 /* DataController.swift in Sources */ = {isa = PBXBuildFile; fileRef = 38BFE66119CCC54800E130D5 /* DataController.swift */; };
		38BFE66619CCD1C700E130D5 /* Chore.m in Sources */ = {isa = PBXBuildFile; fileRef = 38BFE66519CCD1C700E130D5 /* Chore.m */; };
		38BFE66919CCD1C800E130D5 /* User.m in Sources */ = {isa = PBXBuildFile; fileRef = 38BFE66819CCD1C800E130D5 /* User.m */; };
		38BFE66C19CCD1C800E130D5 /* ChoreList.m in Sources */ = {isa = PBXBuildFile; fileRef = 38BFE66B19CCD1C800E130D5 /* ChoreList.m */; };
		38BFE67119CCD23800E130D5 /* User+UserCategory.m in Sources */ = {isa = PBXBuildFile; fileRef = 38BFE67019CCD23800E130D5 /* User+UserCategory.m */; };
		38BFE67419CCD24600E130D5 /* Chore+ChoreCategory.m in Sources */ = {isa = PBXBuildFile; fileRef = 38BFE67319CCD24600E130D5 /* Chore+ChoreCategory.m */; };
		38BFE67819CCD25C00E130D5 /* ChoreList+ChoreListCategory.m in Sources */ = {isa = PBXBuildFile; fileRef = 38BFE67719CCD25C00E130D5 /* ChoreList+ChoreListCategory.m */; };
		38DD044219CBF73F00A0FE50 /* EventController.swift in Sources */ = {isa = PBXBuildFile; fileRef = 38DD044119CBF73F00A0FE50 /* EventController.swift */; };
		38F7C1711A0B410D00A01E65 /* Constants.swift in Sources */ = {isa = PBXBuildFile; fileRef = 38F7C1701A0B410D00A01E65 /* Constants.swift */; };
/* End PBXBuildFile section */

/* Begin PBXContainerItemProxy section */
		3885868219CA9CBC00E79A17 /* PBXContainerItemProxy */ = {
			isa = PBXContainerItemProxy;
			containerPortal = 3885866119CA9CBC00E79A17 /* Project object */;
			proxyType = 1;
			remoteGlobalIDString = 3885866819CA9CBC00E79A17;
			remoteInfo = Accord;
		};
/* End PBXContainerItemProxy section */

/* Begin PBXFileReference section */
		38001BFD19F5765500D66A7A /* NewChoreViewController.swift */ = {isa = PBXFileReference; fileEncoding = 4; lastKnownFileType = sourcecode.swift; path = NewChoreViewController.swift; sourceTree = "<group>"; };
		38001BFF19F590F300D66A7A /* NewListViewController.swift */ = {isa = PBXFileReference; fileEncoding = 4; lastKnownFileType = sourcecode.swift; path = NewListViewController.swift; sourceTree = "<group>"; };
		381D8C9019F346CA002F587F /* ListChoresViewController.swift */ = {isa = PBXFileReference; fileEncoding = 4; lastKnownFileType = sourcecode.swift; path = ListChoresViewController.swift; sourceTree = "<group>"; };
		3836BE8C1A097DF500E38CC0 /* EventKit.framework */ = {isa = PBXFileReference; lastKnownFileType = wrapper.framework; name = EventKit.framework; path = System/Library/Frameworks/EventKit.framework; sourceTree = SDKROOT; };
		3836BE8E1A09808200E38CC0 /* AddressBook.framework */ = {isa = PBXFileReference; lastKnownFileType = wrapper.framework; name = AddressBook.framework; path = System/Library/Frameworks/AddressBook.framework; sourceTree = SDKROOT; };
		3836BE8F1A09808200E38CC0 /* AddressBookUI.framework */ = {isa = PBXFileReference; lastKnownFileType = wrapper.framework; name = AddressBookUI.framework; path = System/Library/Frameworks/AddressBookUI.framework; sourceTree = SDKROOT; };
		3836BE901A09808200E38CC0 /* MessageUI.framework */ = {isa = PBXFileReference; lastKnownFileType = wrapper.framework; name = MessageUI.framework; path = System/Library/Frameworks/MessageUI.framework; sourceTree = SDKROOT; };
		3836BE941A09823500E38CC0 /* AddressController.swift */ = {isa = PBXFileReference; fileEncoding = 4; lastKnownFileType = sourcecode.swift; path = AddressController.swift; sourceTree = "<group>"; };
		385A3E991A05EA220059C67E /* MessageController.swift */ = {isa = PBXFileReference; fileEncoding = 4; lastKnownFileType = sourcecode.swift; path = MessageController.swift; sourceTree = "<group>"; };
		385DA06D19F1A35D007FED54 /* flow-merge.svg */ = {isa = PBXFileReference; fileEncoding = 4; lastKnownFileType = text.xml; path = "flow-merge.svg"; sourceTree = "<group>"; };
		385DA06E19F1A35D007FED54 /* flow-parallel.svg */ = {isa = PBXFileReference; fileEncoding = 4; lastKnownFileType = text.xml; path = "flow-parallel.svg"; sourceTree = "<group>"; };
		385DA06F19F1A35D007FED54 /* flow-switch.svg */ = {isa = PBXFileReference; fileEncoding = 4; lastKnownFileType = text.xml; path = "flow-switch.svg"; sourceTree = "<group>"; };
		385DA07019F1A35D007FED54 /* infinity.svg */ = {isa = PBXFileReference; fileEncoding = 4; lastKnownFileType = text.xml; path = infinity.svg; sourceTree = "<group>"; };
		385DA07119F1A35D007FED54 /* minus-outline.svg */ = {isa = PBXFileReference; fileEncoding = 4; lastKnownFileType = text.xml; path = "minus-outline.svg"; sourceTree = "<group>"; };
		385DA07219F1A35D007FED54 /* minus.svg */ = {isa = PBXFileReference; fileEncoding = 4; lastKnownFileType = text.xml; path = minus.svg; sourceTree = "<group>"; };
		385DA07319F1A35D007FED54 /* plus-outline.svg */ = {isa = PBXFileReference; fileEncoding = 4; lastKnownFileType = text.xml; path = "plus-outline.svg"; sourceTree = "<group>"; };
		385DA07419F1A35D007FED54 /* plus.svg */ = {isa = PBXFileReference; fileEncoding = 4; lastKnownFileType = text.xml; path = plus.svg; sourceTree = "<group>"; };
		385DA07519F1A35D007FED54 /* star-outline.svg */ = {isa = PBXFileReference; fileEncoding = 4; lastKnownFileType = text.xml; path = "star-outline.svg"; sourceTree = "<group>"; };
		385DA07619F1A35D007FED54 /* star.svg */ = {isa = PBXFileReference; fileEncoding = 4; lastKnownFileType = text.xml; path = star.svg; sourceTree = "<group>"; };
		385DA07719F1A35D007FED54 /* th-list-outline.svg */ = {isa = PBXFileReference; fileEncoding = 4; lastKnownFileType = text.xml; path = "th-list-outline.svg"; sourceTree = "<group>"; };
		385DA07819F1A35D007FED54 /* th-list.svg */ = {isa = PBXFileReference; fileEncoding = 4; lastKnownFileType = text.xml; path = "th-list.svg"; sourceTree = "<group>"; };
		385DA07919F1A35D007FED54 /* tick-outline.svg */ = {isa = PBXFileReference; fileEncoding = 4; lastKnownFileType = text.xml; path = "tick-outline.svg"; sourceTree = "<group>"; };
		385DA07A19F1A35D007FED54 /* tick.svg */ = {isa = PBXFileReference; fileEncoding = 4; lastKnownFileType = text.xml; path = tick.svg; sourceTree = "<group>"; };
		385DA07B19F1A35D007FED54 /* times-outline.svg */ = {isa = PBXFileReference; fileEncoding = 4; lastKnownFileType = text.xml; path = "times-outline.svg"; sourceTree = "<group>"; };
		385DA07C19F1A35D007FED54 /* times.svg */ = {isa = PBXFileReference; fileEncoding = 4; lastKnownFileType = text.xml; path = times.svg; sourceTree = "<group>"; };
		385DA07D19F1A35D007FED54 /* user-add-outline.svg */ = {isa = PBXFileReference; fileEncoding = 4; lastKnownFileType = text.xml; path = "user-add-outline.svg"; sourceTree = "<group>"; };
		385DA07E19F1A35D007FED54 /* user-add.svg */ = {isa = PBXFileReference; fileEncoding = 4; lastKnownFileType = text.xml; path = "user-add.svg"; sourceTree = "<group>"; };
		385DA07F19F1A35D007FED54 /* user-delete-outline.svg */ = {isa = PBXFileReference; fileEncoding = 4; lastKnownFileType = text.xml; path = "user-delete-outline.svg"; sourceTree = "<group>"; };
		385DA08019F1A35D007FED54 /* user-delete.svg */ = {isa = PBXFileReference; fileEncoding = 4; lastKnownFileType = text.xml; path = "user-delete.svg"; sourceTree = "<group>"; };
		385DA08119F1A35D007FED54 /* user-outline.svg */ = {isa = PBXFileReference; fileEncoding = 4; lastKnownFileType = text.xml; path = "user-outline.svg"; sourceTree = "<group>"; };
		385DA08219F1A35D007FED54 /* user.svg */ = {isa = PBXFileReference; fileEncoding = 4; lastKnownFileType = text.xml; path = user.svg; sourceTree = "<group>"; };
		385DA09919F1B363007FED54 /* ChoreCell.xib */ = {isa = PBXFileReference; fileEncoding = 4; lastKnownFileType = file.xib; path = ChoreCell.xib; sourceTree = "<group>"; };
		385DA09B19F1B3A4007FED54 /* ChoreCell.swift */ = {isa = PBXFileReference; fileEncoding = 4; lastKnownFileType = sourcecode.swift; path = ChoreCell.swift; sourceTree = "<group>"; };
		385DA09D19F1B852007FED54 /* UserViewController.swift */ = {isa = PBXFileReference; fileEncoding = 4; lastKnownFileType = sourcecode.swift; path = UserViewController.swift; sourceTree = "<group>"; };
		385DA09F19F1B85F007FED54 /* ListViewController.swift */ = {isa = PBXFileReference; fileEncoding = 4; lastKnownFileType = sourcecode.swift; path = ListViewController.swift; sourceTree = "<group>"; };
		385DA0A119F1BEAC007FED54 /* UserSettingViewController.swift */ = {isa = PBXFileReference; fileEncoding = 4; lastKnownFileType = sourcecode.swift; path = UserSettingViewController.swift; sourceTree = "<group>"; };
		385DA0A319F1C9F2007FED54 /* BoolSettingCell.swift */ = {isa = PBXFileReference; fileEncoding = 4; lastKnownFileType = sourcecode.swift; path = BoolSettingCell.swift; sourceTree = "<group>"; };
		385DA0A519F1CA00007FED54 /* BoolSettingCell.xib */ = {isa = PBXFileReference; fileEncoding = 4; lastKnownFileType = file.xib; path = BoolSettingCell.xib; sourceTree = "<group>"; };
		385F7EF81A0EE725006EC126 /* TwitterKit.framework */ = {isa = PBXFileReference; lastKnownFileType = wrapper.framework; path = TwitterKit.framework; sourceTree = "<group>"; };
		385F7EF91A0EE725006EC126 /* TwitterKitResources.bundle */ = {isa = PBXFileReference; lastKnownFileType = "wrapper.plug-in"; name = TwitterKitResources.bundle; path = TwitterKit.framework/Versions/A/Resources/TwitterKitResources.bundle; sourceTree = "<group>"; };
		385F7EFA1A0EE725006EC126 /* Fabric.framework */ = {isa = PBXFileReference; lastKnownFileType = wrapper.framework; path = Fabric.framework; sourceTree = "<group>"; };
		385F7EFE1A0EE93B006EC126 /* Crashlytics.framework */ = {isa = PBXFileReference; lastKnownFileType = wrapper.framework; path = Crashlytics.framework; sourceTree = "<group>"; };
		3885866919CA9CBC00E79A17 /* Accord.app */ = {isa = PBXFileReference; explicitFileType = wrapper.application; includeInIndex = 0; path = Accord.app; sourceTree = BUILT_PRODUCTS_DIR; };
		3885866D19CA9CBC00E79A17 /* Info.plist */ = {isa = PBXFileReference; lastKnownFileType = text.plist.xml; path = Info.plist; sourceTree = "<group>"; };
		3885866E19CA9CBC00E79A17 /* AppDelegate.swift */ = {isa = PBXFileReference; lastKnownFileType = sourcecode.swift; path = AppDelegate.swift; sourceTree = "<group>"; };
		3885867119CA9CBC00E79A17 /* Accord.xcdatamodel */ = {isa = PBXFileReference; lastKnownFileType = wrapper.xcdatamodel; path = Accord.xcdatamodel; sourceTree = "<group>"; };
		3885867619CA9CBC00E79A17 /* Base */ = {isa = PBXFileReference; lastKnownFileType = file.storyboard; name = Base; path = Base.lproj/Main.storyboard; sourceTree = "<group>"; };
		3885867819CA9CBC00E79A17 /* Images.xcassets */ = {isa = PBXFileReference; lastKnownFileType = folder.assetcatalog; path = Images.xcassets; sourceTree = "<group>"; };
		3885867B19CA9CBC00E79A17 /* Base */ = {isa = PBXFileReference; lastKnownFileType = file.xib; name = Base; path = Base.lproj/LaunchScreen.xib; sourceTree = "<group>"; };
		3885868119CA9CBC00E79A17 /* AccordTests.xctest */ = {isa = PBXFileReference; explicitFileType = wrapper.cfbundle; includeInIndex = 0; path = AccordTests.xctest; sourceTree = BUILT_PRODUCTS_DIR; };
		3885868619CA9CBC00E79A17 /* Info.plist */ = {isa = PBXFileReference; lastKnownFileType = text.plist.xml; path = Info.plist; sourceTree = "<group>"; };
		3885868719CA9CBC00E79A17 /* AccordTests.swift */ = {isa = PBXFileReference; lastKnownFileType = sourcecode.swift; path = AccordTests.swift; sourceTree = "<group>"; };
		38A1E7C91A140E79008CD632 /* Changelog.txt */ = {isa = PBXFileReference; fileEncoding = 4; lastKnownFileType = text; path = Changelog.txt; sourceTree = "<group>"; };
		38A1E7F51A140E79008CD632 /* GAI.h */ = {isa = PBXFileReference; fileEncoding = 4; lastKnownFileType = sourcecode.c.h; path = GAI.h; sourceTree = "<group>"; };
		38A1E7F61A140E79008CD632 /* GAIDictionaryBuilder.h */ = {isa = PBXFileReference; fileEncoding = 4; lastKnownFileType = sourcecode.c.h; path = GAIDictionaryBuilder.h; sourceTree = "<group>"; };
		38A1E7F71A140E79008CD632 /* GAIEcommerceFields.h */ = {isa = PBXFileReference; fileEncoding = 4; lastKnownFileType = sourcecode.c.h; path = GAIEcommerceFields.h; sourceTree = "<group>"; };
		38A1E7F81A140E79008CD632 /* GAIEcommerceProduct.h */ = {isa = PBXFileReference; fileEncoding = 4; lastKnownFileType = sourcecode.c.h; path = GAIEcommerceProduct.h; sourceTree = "<group>"; };
		38A1E7F91A140E79008CD632 /* GAIEcommerceProductAction.h */ = {isa = PBXFileReference; fileEncoding = 4; lastKnownFileType = sourcecode.c.h; path = GAIEcommerceProductAction.h; sourceTree = "<group>"; };
		38A1E7FA1A140E79008CD632 /* GAIEcommercePromotion.h */ = {isa = PBXFileReference; fileEncoding = 4; lastKnownFileType = sourcecode.c.h; path = GAIEcommercePromotion.h; sourceTree = "<group>"; };
		38A1E7FB1A140E79008CD632 /* GAIFields.h */ = {isa = PBXFileReference; fileEncoding = 4; lastKnownFileType = sourcecode.c.h; path = GAIFields.h; sourceTree = "<group>"; };
		38A1E7FC1A140E79008CD632 /* GAILogger.h */ = {isa = PBXFileReference; fileEncoding = 4; lastKnownFileType = sourcecode.c.h; path = GAILogger.h; sourceTree = "<group>"; };
		38A1E7FD1A140E79008CD632 /* GAITrackedViewController.h */ = {isa = PBXFileReference; fileEncoding = 4; lastKnownFileType = sourcecode.c.h; path = GAITrackedViewController.h; sourceTree = "<group>"; };
		38A1E7FE1A140E79008CD632 /* GAITracker.h */ = {isa = PBXFileReference; fileEncoding = 4; lastKnownFileType = sourcecode.c.h; path = GAITracker.h; sourceTree = "<group>"; };
		38A1E7FF1A140E79008CD632 /* Readme.txt */ = {isa = PBXFileReference; fileEncoding = 4; lastKnownFileType = text; path = Readme.txt; sourceTree = "<group>"; };
		38A1E8011A140E79008CD632 /* Changelog.txt */ = {isa = PBXFileReference; fileEncoding = 4; lastKnownFileType = text; path = Changelog.txt; sourceTree = "<group>"; };
		38A1E83B1A140E79008CD632 /* TAGContainer.h */ = {isa = PBXFileReference; fileEncoding = 4; lastKnownFileType = sourcecode.c.h; path = TAGContainer.h; sourceTree = "<group>"; };
		38A1E83C1A140E79008CD632 /* TAGContainerOpener.h */ = {isa = PBXFileReference; fileEncoding = 4; lastKnownFileType = sourcecode.c.h; path = TAGContainerOpener.h; sourceTree = "<group>"; };
		38A1E83D1A140E79008CD632 /* TAGDataLayer.h */ = {isa = PBXFileReference; fileEncoding = 4; lastKnownFileType = sourcecode.c.h; path = TAGDataLayer.h; sourceTree = "<group>"; };
		38A1E83E1A140E79008CD632 /* TAGLogger.h */ = {isa = PBXFileReference; fileEncoding = 4; lastKnownFileType = sourcecode.c.h; path = TAGLogger.h; sourceTree = "<group>"; };
		38A1E83F1A140E79008CD632 /* TAGManager.h */ = {isa = PBXFileReference; fileEncoding = 4; lastKnownFileType = sourcecode.c.h; path = TAGManager.h; sourceTree = "<group>"; };
		38A1E8401A140E79008CD632 /* Readme.txt */ = {isa = PBXFileReference; fileEncoding = 4; lastKnownFileType = text; path = Readme.txt; sourceTree = "<group>"; };
		38A1E8411A140E79008CD632 /* libAdIdAccess.a */ = {isa = PBXFileReference; lastKnownFileType = archive.ar; path = libAdIdAccess.a; sourceTree = "<group>"; };
		38A1E8421A140E79008CD632 /* libGoogleAnalyticsServices.a */ = {isa = PBXFileReference; lastKnownFileType = archive.ar; path = libGoogleAnalyticsServices.a; sourceTree = "<group>"; };
		38A1E8431A140E79008CD632 /* Readme.txt */ = {isa = PBXFileReference; fileEncoding = 4; lastKnownFileType = text; path = Readme.txt; sourceTree = "<group>"; };
		38A1E8981A140F9E008CD632 /* SystemConfiguration.framework */ = {isa = PBXFileReference; lastKnownFileType = wrapper.framework; name = SystemConfiguration.framework; path = System/Library/Frameworks/SystemConfiguration.framework; sourceTree = SDKROOT; };
		38A1E89A1A140FAB008CD632 /* libz.dylib */ = {isa = PBXFileReference; lastKnownFileType = "compiled.mach-o.dylib"; name = libz.dylib; path = usr/lib/libz.dylib; sourceTree = SDKROOT; };
		38A1E89C1A140FB2008CD632 /* libsqlite3.dylib */ = {isa = PBXFileReference; lastKnownFileType = "compiled.mach-o.dylib"; name = libsqlite3.dylib; path = usr/lib/libsqlite3.dylib; sourceTree = SDKROOT; };
		38A1E89E1A140FDF008CD632 /* AdSupport.framework */ = {isa = PBXFileReference; lastKnownFileType = wrapper.framework; name = AdSupport.framework; path = System/Library/Frameworks/AdSupport.framework; sourceTree = SDKROOT; };
		38A1E8A21A141B57008CD632 /* GTM-T2SHZR */ = {isa = PBXFileReference; lastKnownFileType = file; path = "GTM-T2SHZR"; sourceTree = "<group>"; };
		38A5FB1919CAA8E700FCB998 /* CalendarController.swift */ = {isa = PBXFileReference; fileEncoding = 4; lastKnownFileType = sourcecode.swift; path = CalendarController.swift; sourceTree = "<group>"; };
		38BFE66119CCC54800E130D5 /* DataController.swift */ = {isa = PBXFileReference; fileEncoding = 4; lastKnownFileType = sourcecode.swift; path = DataController.swift; sourceTree = "<group>"; };
		38BFE66319CCD1C700E130D5 /* Accord-Bridging-Header.h */ = {isa = PBXFileReference; lastKnownFileType = sourcecode.c.h; path = "Accord-Bridging-Header.h"; sourceTree = SOURCE_ROOT; };
		38BFE66419CCD1C700E130D5 /* Chore.h */ = {isa = PBXFileReference; fileEncoding = 4; lastKnownFileType = sourcecode.c.h; name = Chore.h; path = "CD Models/Chore.h"; sourceTree = "<group>"; };
		38BFE66519CCD1C700E130D5 /* Chore.m */ = {isa = PBXFileReference; fileEncoding = 4; lastKnownFileType = sourcecode.c.objc; name = Chore.m; path = "CD Models/Chore.m"; sourceTree = "<group>"; };
		38BFE66719CCD1C800E130D5 /* User.h */ = {isa = PBXFileReference; fileEncoding = 4; lastKnownFileType = sourcecode.c.h; name = User.h; path = "CD Models/User.h"; sourceTree = "<group>"; };
		38BFE66819CCD1C800E130D5 /* User.m */ = {isa = PBXFileReference; fileEncoding = 4; lastKnownFileType = sourcecode.c.objc; name = User.m; path = "CD Models/User.m"; sourceTree = "<group>"; };
		38BFE66A19CCD1C800E130D5 /* ChoreList.h */ = {isa = PBXFileReference; fileEncoding = 4; lastKnownFileType = sourcecode.c.h; name = ChoreList.h; path = "CD Models/ChoreList.h"; sourceTree = "<group>"; };
		38BFE66B19CCD1C800E130D5 /* ChoreList.m */ = {isa = PBXFileReference; fileEncoding = 4; lastKnownFileType = sourcecode.c.objc; name = ChoreList.m; path = "CD Models/ChoreList.m"; sourceTree = "<group>"; };
		38BFE66F19CCD23800E130D5 /* User+UserCategory.h */ = {isa = PBXFileReference; fileEncoding = 4; lastKnownFileType = sourcecode.c.h; path = "User+UserCategory.h"; sourceTree = "<group>"; };
		38BFE67019CCD23800E130D5 /* User+UserCategory.m */ = {isa = PBXFileReference; fileEncoding = 4; lastKnownFileType = sourcecode.c.objc; path = "User+UserCategory.m"; sourceTree = "<group>"; };
		38BFE67219CCD24600E130D5 /* Chore+ChoreCategory.h */ = {isa = PBXFileReference; fileEncoding = 4; lastKnownFileType = sourcecode.c.h; path = "Chore+ChoreCategory.h"; sourceTree = "<group>"; };
		38BFE67319CCD24600E130D5 /* Chore+ChoreCategory.m */ = {isa = PBXFileReference; fileEncoding = 4; lastKnownFileType = sourcecode.c.objc; path = "Chore+ChoreCategory.m"; sourceTree = "<group>"; };
		38BFE67619CCD25C00E130D5 /* ChoreList+ChoreListCategory.h */ = {isa = PBXFileReference; fileEncoding = 4; lastKnownFileType = sourcecode.c.h; path = "ChoreList+ChoreListCategory.h"; sourceTree = "<group>"; };
		38BFE67719CCD25C00E130D5 /* ChoreList+ChoreListCategory.m */ = {isa = PBXFileReference; fileEncoding = 4; lastKnownFileType = sourcecode.c.objc; path = "ChoreList+ChoreListCategory.m"; sourceTree = "<group>"; };
		38DD044119CBF73F00A0FE50 /* EventController.swift */ = {isa = PBXFileReference; fileEncoding = 4; lastKnownFileType = sourcecode.swift; path = EventController.swift; sourceTree = "<group>"; };
		38EDAA3E1A0C058C00C6EE69 /* Accord.entitlements */ = {isa = PBXFileReference; lastKnownFileType = text.xml; path = Accord.entitlements; sourceTree = "<group>"; };
		38F7C1701A0B410D00A01E65 /* Constants.swift */ = {isa = PBXFileReference; fileEncoding = 4; lastKnownFileType = sourcecode.swift; path = Constants.swift; sourceTree = "<group>"; };
/* End PBXFileReference section */

/* Begin PBXFrameworksBuildPhase section */
		3885866619CA9CBC00E79A17 /* Frameworks */ = {
			isa = PBXFrameworksBuildPhase;
			buildActionMask = 2147483647;
			files = (
				38A1E89F1A140FDF008CD632 /* AdSupport.framework in Frameworks */,
				38A1E89D1A140FB2008CD632 /* libsqlite3.dylib in Frameworks */,
				38A1E89B1A140FAB008CD632 /* libz.dylib in Frameworks */,
				38A1E8991A140F9E008CD632 /* SystemConfiguration.framework in Frameworks */,
				3836BE911A09808200E38CC0 /* AddressBook.framework in Frameworks */,
				38A1E88F1A140E79008CD632 /* libAdIdAccess.a in Frameworks */,
				38A1E8901A140E79008CD632 /* libGoogleAnalyticsServices.a in Frameworks */,
				385F7EFB1A0EE725006EC126 /* TwitterKit.framework in Frameworks */,
				3836BE921A09808200E38CC0 /* AddressBookUI.framework in Frameworks */,
				3836BE931A09808200E38CC0 /* MessageUI.framework in Frameworks */,
				3836BE8D1A097DF500E38CC0 /* EventKit.framework in Frameworks */,
				385F7EFD1A0EE725006EC126 /* Fabric.framework in Frameworks */,
				385F7EFF1A0EE93B006EC126 /* Crashlytics.framework in Frameworks */,
			);
			runOnlyForDeploymentPostprocessing = 0;
		};
		3885867E19CA9CBC00E79A17 /* Frameworks */ = {
			isa = PBXFrameworksBuildPhase;
			buildActionMask = 2147483647;
			files = (
			);
			runOnlyForDeploymentPostprocessing = 0;
		};
/* End PBXFrameworksBuildPhase section */

/* Begin PBXGroup section */
		381D8C8919F3393C002F587F /* TableCell */ = {
			isa = PBXGroup;
			children = (
				385DA09B19F1B3A4007FED54 /* ChoreCell.swift */,
				385DA09919F1B363007FED54 /* ChoreCell.xib */,
				385DA0A319F1C9F2007FED54 /* BoolSettingCell.swift */,
				385DA0A519F1CA00007FED54 /* BoolSettingCell.xib */,
			);
			name = TableCell;
			sourceTree = "<group>";
		};
		385DA06C19F1A35D007FED54 /* SVG */ = {
			isa = PBXGroup;
			children = (
				385DA06D19F1A35D007FED54 /* flow-merge.svg */,
				385DA06E19F1A35D007FED54 /* flow-parallel.svg */,
				385DA06F19F1A35D007FED54 /* flow-switch.svg */,
				385DA07019F1A35D007FED54 /* infinity.svg */,
				385DA07119F1A35D007FED54 /* minus-outline.svg */,
				385DA07219F1A35D007FED54 /* minus.svg */,
				385DA07319F1A35D007FED54 /* plus-outline.svg */,
				385DA07419F1A35D007FED54 /* plus.svg */,
				385DA07519F1A35D007FED54 /* star-outline.svg */,
				385DA07619F1A35D007FED54 /* star.svg */,
				385DA07719F1A35D007FED54 /* th-list-outline.svg */,
				385DA07819F1A35D007FED54 /* th-list.svg */,
				385DA07919F1A35D007FED54 /* tick-outline.svg */,
				385DA07A19F1A35D007FED54 /* tick.svg */,
				385DA07B19F1A35D007FED54 /* times-outline.svg */,
				385DA07C19F1A35D007FED54 /* times.svg */,
				385DA07D19F1A35D007FED54 /* user-add-outline.svg */,
				385DA07E19F1A35D007FED54 /* user-add.svg */,
				385DA07F19F1A35D007FED54 /* user-delete-outline.svg */,
				385DA08019F1A35D007FED54 /* user-delete.svg */,
				385DA08119F1A35D007FED54 /* user-outline.svg */,
				385DA08219F1A35D007FED54 /* user.svg */,
			);
			path = SVG;
			sourceTree = "<group>";
		};
		3885866019CA9CBC00E79A17 = {
			isa = PBXGroup;
			children = (
				38F7C1721A0B4A2200A01E65 /* Frameworks */,
				3885866B19CA9CBC00E79A17 /* Accord */,
				3885868419CA9CBC00E79A17 /* AccordTests */,
				3885866A19CA9CBC00E79A17 /* Products */,
			);
			sourceTree = "<group>";
		};
		3885866A19CA9CBC00E79A17 /* Products */ = {
			isa = PBXGroup;
			children = (
				3885866919CA9CBC00E79A17 /* Accord.app */,
				3885868119CA9CBC00E79A17 /* AccordTests.xctest */,
			);
			name = Products;
			sourceTree = "<group>";
		};
		3885866B19CA9CBC00E79A17 /* Accord */ = {
			isa = PBXGroup;
			children = (
				38BFE66319CCD1C700E130D5 /* Accord-Bridging-Header.h */,
				3885866E19CA9CBC00E79A17 /* AppDelegate.swift */,
				38F7C1701A0B410D00A01E65 /* Constants.swift */,
				3885869319CA9CD400E79A17 /* Model */,
				3885869219CA9CCE00E79A17 /* Controller */,
				3885869119CA9CC700E79A17 /* View */,
				3885867819CA9CBC00E79A17 /* Images.xcassets */,
				385DA06C19F1A35D007FED54 /* SVG */,
				3885866C19CA9CBC00E79A17 /* Supporting Files */,
			);
			path = Accord;
			sourceTree = "<group>";
		};
		3885866C19CA9CBC00E79A17 /* Supporting Files */ = {
			isa = PBXGroup;
			children = (
				38A1E8A21A141B57008CD632 /* GTM-T2SHZR */,
				3885866D19CA9CBC00E79A17 /* Info.plist */,
				38EDAA3E1A0C058C00C6EE69 /* Accord.entitlements */,
			);
			name = "Supporting Files";
			sourceTree = "<group>";
		};
		3885868419CA9CBC00E79A17 /* AccordTests */ = {
			isa = PBXGroup;
			children = (
				3885868719CA9CBC00E79A17 /* AccordTests.swift */,
				3885868519CA9CBC00E79A17 /* Supporting Files */,
			);
			path = AccordTests;
			sourceTree = "<group>";
		};
		3885868519CA9CBC00E79A17 /* Supporting Files */ = {
			isa = PBXGroup;
			children = (
				3885868619CA9CBC00E79A17 /* Info.plist */,
			);
			name = "Supporting Files";
			sourceTree = "<group>";
		};
		3885869119CA9CC700E79A17 /* View */ = {
			isa = PBXGroup;
			children = (
				3885867519CA9CBC00E79A17 /* Main.storyboard */,
				3885867A19CA9CBC00E79A17 /* LaunchScreen.xib */,
				381D8C8919F3393C002F587F /* TableCell */,
			);
			name = View;
			sourceTree = "<group>";
		};
		3885869219CA9CCE00E79A17 /* Controller */ = {
			isa = PBXGroup;
			children = (
				385DA09D19F1B852007FED54 /* UserViewController.swift */,
				385DA0A119F1BEAC007FED54 /* UserSettingViewController.swift */,
				385DA09F19F1B85F007FED54 /* ListViewController.swift */,
				38001BFF19F590F300D66A7A /* NewListViewController.swift */,
				381D8C9019F346CA002F587F /* ListChoresViewController.swift */,
				38001BFD19F5765500D66A7A /* NewChoreViewController.swift */,
				38A5FB1819CAA8D700FCB998 /* Framework Controllers */,
			);
			name = Controller;
			sourceTree = "<group>";
		};
		3885869319CA9CD400E79A17 /* Model */ = {
			isa = PBXGroup;
			children = (
				3885867019CA9CBC00E79A17 /* Accord.xcdatamodeld */,
				38BFE66D19CCD20100E130D5 /* NSManagedModels */,
				38BFE66E19CCD20E00E130D5 /* Categories */,
			);
			name = Model;
			sourceTree = "<group>";
		};
		38A1E7C71A140E79008CD632 /* GoogleAnalyticsServicesiOS_3.10 */ = {
			isa = PBXGroup;
			children = (
				38A1E7C81A140E79008CD632 /* GoogleAnalytics */,
				38A1E8001A140E79008CD632 /* GoogleTagManager */,
				38A1E8411A140E79008CD632 /* libAdIdAccess.a */,
				38A1E8421A140E79008CD632 /* libGoogleAnalyticsServices.a */,
				38A1E8431A140E79008CD632 /* Readme.txt */,
			);
			name = GoogleAnalyticsServicesiOS_3.10;
			path = ../../../Documents/GoogleAnalyticsServicesiOS_3.10;
			sourceTree = "<group>";
		};
		38A1E7C81A140E79008CD632 /* GoogleAnalytics */ = {
			isa = PBXGroup;
			children = (
				38A1E7C91A140E79008CD632 /* Changelog.txt */,
				38A1E7F41A140E79008CD632 /* Library */,
				38A1E7FF1A140E79008CD632 /* Readme.txt */,
			);
			path = GoogleAnalytics;
			sourceTree = "<group>";
		};
		38A1E7F41A140E79008CD632 /* Library */ = {
			isa = PBXGroup;
			children = (
				38A1E7F51A140E79008CD632 /* GAI.h */,
				38A1E7F61A140E79008CD632 /* GAIDictionaryBuilder.h */,
				38A1E7F71A140E79008CD632 /* GAIEcommerceFields.h */,
				38A1E7F81A140E79008CD632 /* GAIEcommerceProduct.h */,
				38A1E7F91A140E79008CD632 /* GAIEcommerceProductAction.h */,
				38A1E7FA1A140E79008CD632 /* GAIEcommercePromotion.h */,
				38A1E7FB1A140E79008CD632 /* GAIFields.h */,
				38A1E7FC1A140E79008CD632 /* GAILogger.h */,
				38A1E7FD1A140E79008CD632 /* GAITrackedViewController.h */,
				38A1E7FE1A140E79008CD632 /* GAITracker.h */,
			);
			path = Library;
			sourceTree = "<group>";
		};
		38A1E8001A140E79008CD632 /* GoogleTagManager */ = {
			isa = PBXGroup;
			children = (
				38A1E8011A140E79008CD632 /* Changelog.txt */,
				38A1E83A1A140E79008CD632 /* Library */,
				38A1E8401A140E79008CD632 /* Readme.txt */,
			);
			path = GoogleTagManager;
			sourceTree = "<group>";
		};
		38A1E83A1A140E79008CD632 /* Library */ = {
			isa = PBXGroup;
			children = (
				38A1E83B1A140E79008CD632 /* TAGContainer.h */,
				38A1E83C1A140E79008CD632 /* TAGContainerOpener.h */,
				38A1E83D1A140E79008CD632 /* TAGDataLayer.h */,
				38A1E83E1A140E79008CD632 /* TAGLogger.h */,
				38A1E83F1A140E79008CD632 /* TAGManager.h */,
			);
			path = Library;
			sourceTree = "<group>";
		};
		38A5FB1819CAA8D700FCB998 /* Framework Controllers */ = {
			isa = PBXGroup;
			children = (
				38DD044119CBF73F00A0FE50 /* EventController.swift */,
				38A5FB1919CAA8E700FCB998 /* CalendarController.swift */,
				38BFE66119CCC54800E130D5 /* DataController.swift */,
				385A3E991A05EA220059C67E /* MessageController.swift */,
				3836BE941A09823500E38CC0 /* AddressController.swift */,
			);
			name = "Framework Controllers";
			sourceTree = "<group>";
		};
		38BFE66D19CCD20100E130D5 /* NSManagedModels */ = {
			isa = PBXGroup;
			children = (
				38BFE66A19CCD1C800E130D5 /* ChoreList.h */,
				38BFE66B19CCD1C800E130D5 /* ChoreList.m */,
				38BFE66719CCD1C800E130D5 /* User.h */,
				38BFE66819CCD1C800E130D5 /* User.m */,
				38BFE66419CCD1C700E130D5 /* Chore.h */,
				38BFE66519CCD1C700E130D5 /* Chore.m */,
			);
			name = NSManagedModels;
			sourceTree = "<group>";
		};
		38BFE66E19CCD20E00E130D5 /* Categories */ = {
			isa = PBXGroup;
			children = (
				38BFE66F19CCD23800E130D5 /* User+UserCategory.h */,
				38BFE67019CCD23800E130D5 /* User+UserCategory.m */,
				38BFE67219CCD24600E130D5 /* Chore+ChoreCategory.h */,
				38BFE67319CCD24600E130D5 /* Chore+ChoreCategory.m */,
				38BFE67619CCD25C00E130D5 /* ChoreList+ChoreListCategory.h */,
				38BFE67719CCD25C00E130D5 /* ChoreList+ChoreListCategory.m */,
			);
			name = Categories;
			sourceTree = "<group>";
		};
		38F7C1721A0B4A2200A01E65 /* Frameworks */ = {
			isa = PBXGroup;
			children = (
				38A1E89E1A140FDF008CD632 /* AdSupport.framework */,
				38A1E89C1A140FB2008CD632 /* libsqlite3.dylib */,
				38A1E89A1A140FAB008CD632 /* libz.dylib */,
				38A1E8981A140F9E008CD632 /* SystemConfiguration.framework */,
				38A1E7C71A140E79008CD632 /* GoogleAnalyticsServicesiOS_3.10 */,
				385F7EFE1A0EE93B006EC126 /* Crashlytics.framework */,
				385F7EF81A0EE725006EC126 /* TwitterKit.framework */,
				385F7EF91A0EE725006EC126 /* TwitterKitResources.bundle */,
				385F7EFA1A0EE725006EC126 /* Fabric.framework */,
				3836BE8E1A09808200E38CC0 /* AddressBook.framework */,
				3836BE8F1A09808200E38CC0 /* AddressBookUI.framework */,
				3836BE901A09808200E38CC0 /* MessageUI.framework */,
				3836BE8C1A097DF500E38CC0 /* EventKit.framework */,
			);
			name = Frameworks;
			sourceTree = "<group>";
		};
/* End PBXGroup section */

/* Begin PBXNativeTarget section */
		3885866819CA9CBC00E79A17 /* Accord */ = {
			isa = PBXNativeTarget;
			buildConfigurationList = 3885868B19CA9CBC00E79A17 /* Build configuration list for PBXNativeTarget "Accord" */;
			buildPhases = (
				3885866519CA9CBC00E79A17 /* Sources */,
				3885866619CA9CBC00E79A17 /* Frameworks */,
				3885866719CA9CBC00E79A17 /* Resources */,
				385F7EF71A0EE6FB006EC126 /* ShellScript */,
			);
			buildRules = (
			);
			dependencies = (
			);
			name = Accord;
			productName = Accord;
			productReference = 3885866919CA9CBC00E79A17 /* Accord.app */;
			productType = "com.apple.product-type.application";
		};
		3885868019CA9CBC00E79A17 /* AccordTests */ = {
			isa = PBXNativeTarget;
			buildConfigurationList = 3885868E19CA9CBC00E79A17 /* Build configuration list for PBXNativeTarget "AccordTests" */;
			buildPhases = (
				3885867D19CA9CBC00E79A17 /* Sources */,
				3885867E19CA9CBC00E79A17 /* Frameworks */,
				3885867F19CA9CBC00E79A17 /* Resources */,
			);
			buildRules = (
			);
			dependencies = (
				3885868319CA9CBC00E79A17 /* PBXTargetDependency */,
			);
			name = AccordTests;
			productName = AccordTests;
			productReference = 3885868119CA9CBC00E79A17 /* AccordTests.xctest */;
			productType = "com.apple.product-type.bundle.unit-test";
		};
/* End PBXNativeTarget section */

/* Begin PBXProject section */
		3885866119CA9CBC00E79A17 /* Project object */ = {
			isa = PBXProject;
			attributes = {
				LastUpgradeCheck = 0600;
				ORGANIZATIONNAME = "Leonardo Lee";
				TargetAttributes = {
					3885866819CA9CBC00E79A17 = {
						CreatedOnToolsVersion = 6.0.1;
						DevelopmentTeam = KT656SWTSZ;
					};
					3885868019CA9CBC00E79A17 = {
						CreatedOnToolsVersion = 6.0.1;
						TestTargetID = 3885866819CA9CBC00E79A17;
					};
				};
			};
			buildConfigurationList = 3885866419CA9CBC00E79A17 /* Build configuration list for PBXProject "Accord" */;
			compatibilityVersion = "Xcode 3.2";
			developmentRegion = English;
			hasScannedForEncodings = 0;
			knownRegions = (
				en,
				Base,
				he,
			);
			mainGroup = 3885866019CA9CBC00E79A17;
			productRefGroup = 3885866A19CA9CBC00E79A17 /* Products */;
			projectDirPath = "";
			projectRoot = "";
			targets = (
				3885866819CA9CBC00E79A17 /* Accord */,
				3885868019CA9CBC00E79A17 /* AccordTests */,
			);
		};
/* End PBXProject section */

/* Begin PBXResourcesBuildPhase section */
		3885866719CA9CBC00E79A17 /* Resources */ = {
			isa = PBXResourcesBuildPhase;
			buildActionMask = 2147483647;
			files = (
				385DA09019F1A35D007FED54 /* tick.svg in Resources */,
				385DA08C19F1A35D007FED54 /* star.svg in Resources */,
				385DA08D19F1A35D007FED54 /* th-list-outline.svg in Resources */,
				38A1E8631A140E79008CD632 /* Readme.txt in Resources */,
				38A1E8911A140E79008CD632 /* Readme.txt in Resources */,
				385DA09519F1A35D007FED54 /* user-delete-outline.svg in Resources */,
				385DA09619F1A35D007FED54 /* user-delete.svg in Resources */,
				385DA09219F1A35D007FED54 /* times.svg in Resources */,
				385DA08719F1A35D007FED54 /* minus-outline.svg in Resources */,
				385DA09819F1A35D007FED54 /* user.svg in Resources */,
				38A1E88E1A140E79008CD632 /* Readme.txt in Resources */,
				385F7EFC1A0EE725006EC126 /* TwitterKitResources.bundle in Resources */,
				385DA08419F1A35D007FED54 /* flow-parallel.svg in Resources */,
				385DA08819F1A35D007FED54 /* minus.svg in Resources */,
				3885867719CA9CBC00E79A17 /* Main.storyboard in Resources */,
				385DA08F19F1A35D007FED54 /* tick-outline.svg in Resources */,
				385DA08519F1A35D007FED54 /* flow-switch.svg in Resources */,
				385DA08B19F1A35D007FED54 /* star-outline.svg in Resources */,
				385DA08E19F1A35D007FED54 /* th-list.svg in Resources */,
				385DA09419F1A35D007FED54 /* user-add.svg in Resources */,
				385DA08619F1A35D007FED54 /* infinity.svg in Resources */,
				385DA09119F1A35D007FED54 /* times-outline.svg in Resources */,
				385DA08319F1A35D007FED54 /* flow-merge.svg in Resources */,
				385DA09719F1A35D007FED54 /* user-outline.svg in Resources */,
				385DA08919F1A35D007FED54 /* plus-outline.svg in Resources */,
				385DA09319F1A35D007FED54 /* user-add-outline.svg in Resources */,
				385DA0A619F1CA00007FED54 /* BoolSettingCell.xib in Resources */,
				3885867C19CA9CBC00E79A17 /* LaunchScreen.xib in Resources */,
				385DA08A19F1A35D007FED54 /* plus.svg in Resources */,
				3885867919CA9CBC00E79A17 /* Images.xcassets in Resources */,
				385DA09A19F1B363007FED54 /* ChoreCell.xib in Resources */,
				38A1E8441A140E79008CD632 /* Changelog.txt in Resources */,
				38A1E8641A140E79008CD632 /* Changelog.txt in Resources */,
			);
			runOnlyForDeploymentPostprocessing = 0;
		};
		3885867F19CA9CBC00E79A17 /* Resources */ = {
			isa = PBXResourcesBuildPhase;
			buildActionMask = 2147483647;
			files = (
			);
			runOnlyForDeploymentPostprocessing = 0;
		};
/* End PBXResourcesBuildPhase section */

/* Begin PBXShellScriptBuildPhase section */
		385F7EF71A0EE6FB006EC126 /* ShellScript */ = {
			isa = PBXShellScriptBuildPhase;
			buildActionMask = 2147483647;
			files = (
			);
			inputPaths = (
			);
			outputPaths = (
			);
			runOnlyForDeploymentPostprocessing = 0;
			shellPath = /bin/sh;
			shellScript = "./Fabric.framework/run b27867868d56ac0aa5505130348bb038aa2afb64 fadf119c5dec828e8f7753bb64901e769e4bc0d1488ef0d22294e5c92aca52b0";
		};
/* End PBXShellScriptBuildPhase section */

/* Begin PBXSourcesBuildPhase section */
		3885866519CA9CBC00E79A17 /* Sources */ = {
			isa = PBXSourcesBuildPhase;
			buildActionMask = 2147483647;
			files = (
				38BFE66919CCD1C800E130D5 /* User.m in Sources */,
				38F7C1711A0B410D00A01E65 /* Constants.swift in Sources */,
				381D8C9119F346CA002F587F /* ListChoresViewController.swift in Sources */,
				38BFE66619CCD1C700E130D5 /* Chore.m in Sources */,
				38001C0019F590F300D66A7A /* NewListViewController.swift in Sources */,
				385DA09E19F1B852007FED54 /* UserViewController.swift in Sources */,
				38BFE67819CCD25C00E130D5 /* ChoreList+ChoreListCategory.m in Sources */,
				38BFE66C19CCD1C800E130D5 /* ChoreList.m in Sources */,
				385A3E9A1A05EA220059C67E /* MessageController.swift in Sources */,
				38BFE66219CCC54800E130D5 /* DataController.swift in Sources */,
				385DA0A419F1C9F2007FED54 /* BoolSettingCell.swift in Sources */,
				385DA0A019F1B85F007FED54 /* ListViewController.swift in Sources */,
				38001BFE19F5765500D66A7A /* NewChoreViewController.swift in Sources */,
				385DA09C19F1B3A4007FED54 /* ChoreCell.swift in Sources */,
				38A5FB1A19CAA8E700FCB998 /* CalendarController.swift in Sources */,
				38BFE67419CCD24600E130D5 /* Chore+ChoreCategory.m in Sources */,
				385DA0A219F1BEAC007FED54 /* UserSettingViewController.swift in Sources */,
				38DD044219CBF73F00A0FE50 /* EventController.swift in Sources */,
				3885866F19CA9CBC00E79A17 /* AppDelegate.swift in Sources */,
				3885867219CA9CBC00E79A17 /* Accord.xcdatamodeld in Sources */,
				38BFE67119CCD23800E130D5 /* User+UserCategory.m in Sources */,
				3836BE951A09823500E38CC0 /* AddressController.swift in Sources */,
			);
			runOnlyForDeploymentPostprocessing = 0;
		};
		3885867D19CA9CBC00E79A17 /* Sources */ = {
			isa = PBXSourcesBuildPhase;
			buildActionMask = 2147483647;
			files = (
				3885868819CA9CBC00E79A17 /* AccordTests.swift in Sources */,
			);
			runOnlyForDeploymentPostprocessing = 0;
		};
/* End PBXSourcesBuildPhase section */

/* Begin PBXTargetDependency section */
		3885868319CA9CBC00E79A17 /* PBXTargetDependency */ = {
			isa = PBXTargetDependency;
			target = 3885866819CA9CBC00E79A17 /* Accord */;
			targetProxy = 3885868219CA9CBC00E79A17 /* PBXContainerItemProxy */;
		};
/* End PBXTargetDependency section */

/* Begin PBXVariantGroup section */
		3885867519CA9CBC00E79A17 /* Main.storyboard */ = {
			isa = PBXVariantGroup;
			children = (
				3885867619CA9CBC00E79A17 /* Base */,
			);
			name = Main.storyboard;
			sourceTree = "<group>";
		};
		3885867A19CA9CBC00E79A17 /* LaunchScreen.xib */ = {
			isa = PBXVariantGroup;
			children = (
				3885867B19CA9CBC00E79A17 /* Base */,
			);
			name = LaunchScreen.xib;
			sourceTree = "<group>";
		};
/* End PBXVariantGroup section */

/* Begin XCBuildConfiguration section */
		3885868919CA9CBC00E79A17 /* Debug */ = {
			isa = XCBuildConfiguration;
			buildSettings = {
				ALWAYS_SEARCH_USER_PATHS = NO;
				CLANG_CXX_LANGUAGE_STANDARD = "gnu++0x";
				CLANG_CXX_LIBRARY = "libc++";
				CLANG_ENABLE_MODULES = YES;
				CLANG_ENABLE_OBJC_ARC = YES;
				CLANG_WARN_BOOL_CONVERSION = YES;
				CLANG_WARN_CONSTANT_CONVERSION = YES;
				CLANG_WARN_DIRECT_OBJC_ISA_USAGE = YES_ERROR;
				CLANG_WARN_EMPTY_BODY = YES;
				CLANG_WARN_ENUM_CONVERSION = YES;
				CLANG_WARN_INT_CONVERSION = YES;
				CLANG_WARN_OBJC_ROOT_CLASS = YES_ERROR;
				CLANG_WARN_UNREACHABLE_CODE = YES;
				CLANG_WARN__DUPLICATE_METHOD_MATCH = YES;
				"CODE_SIGN_IDENTITY[sdk=iphoneos*]" = "iPhone Developer";
				COPY_PHASE_STRIP = NO;
				ENABLE_STRICT_OBJC_MSGSEND = YES;
				GCC_C_LANGUAGE_STANDARD = gnu99;
				GCC_DYNAMIC_NO_PIC = NO;
				GCC_OPTIMIZATION_LEVEL = 0;
				GCC_PREPROCESSOR_DEFINITIONS = (
					"DEBUG=1",
					"$(inherited)",
				);
				GCC_SYMBOLS_PRIVATE_EXTERN = NO;
				GCC_WARN_64_TO_32_BIT_CONVERSION = YES;
				GCC_WARN_ABOUT_RETURN_TYPE = YES_ERROR;
				GCC_WARN_UNDECLARED_SELECTOR = YES;
				GCC_WARN_UNINITIALIZED_AUTOS = YES_AGGRESSIVE;
				GCC_WARN_UNUSED_FUNCTION = YES;
				GCC_WARN_UNUSED_VARIABLE = YES;
				IPHONEOS_DEPLOYMENT_TARGET = 8.0;
				MTL_ENABLE_DEBUG_INFO = YES;
				ONLY_ACTIVE_ARCH = YES;
				SDKROOT = iphoneos;
				SWIFT_OPTIMIZATION_LEVEL = "-Onone";
				TARGETED_DEVICE_FAMILY = "1,2";
			};
			name = Debug;
		};
		3885868A19CA9CBC00E79A17 /* Release */ = {
			isa = XCBuildConfiguration;
			buildSettings = {
				ALWAYS_SEARCH_USER_PATHS = NO;
				CLANG_CXX_LANGUAGE_STANDARD = "gnu++0x";
				CLANG_CXX_LIBRARY = "libc++";
				CLANG_ENABLE_MODULES = YES;
				CLANG_ENABLE_OBJC_ARC = YES;
				CLANG_WARN_BOOL_CONVERSION = YES;
				CLANG_WARN_CONSTANT_CONVERSION = YES;
				CLANG_WARN_DIRECT_OBJC_ISA_USAGE = YES_ERROR;
				CLANG_WARN_EMPTY_BODY = YES;
				CLANG_WARN_ENUM_CONVERSION = YES;
				CLANG_WARN_INT_CONVERSION = YES;
				CLANG_WARN_OBJC_ROOT_CLASS = YES_ERROR;
				CLANG_WARN_UNREACHABLE_CODE = YES;
				CLANG_WARN__DUPLICATE_METHOD_MATCH = YES;
				"CODE_SIGN_IDENTITY[sdk=iphoneos*]" = "iPhone Developer";
				COPY_PHASE_STRIP = YES;
				ENABLE_NS_ASSERTIONS = NO;
				ENABLE_STRICT_OBJC_MSGSEND = YES;
				GCC_C_LANGUAGE_STANDARD = gnu99;
				GCC_WARN_64_TO_32_BIT_CONVERSION = YES;
				GCC_WARN_ABOUT_RETURN_TYPE = YES_ERROR;
				GCC_WARN_UNDECLARED_SELECTOR = YES;
				GCC_WARN_UNINITIALIZED_AUTOS = YES_AGGRESSIVE;
				GCC_WARN_UNUSED_FUNCTION = YES;
				GCC_WARN_UNUSED_VARIABLE = YES;
				IPHONEOS_DEPLOYMENT_TARGET = 8.0;
				MTL_ENABLE_DEBUG_INFO = NO;
				SDKROOT = iphoneos;
				TARGETED_DEVICE_FAMILY = "1,2";
				VALIDATE_PRODUCT = YES;
			};
			name = Release;
		};
		3885868C19CA9CBC00E79A17 /* Debug */ = {
			isa = XCBuildConfiguration;
			buildSettings = {
				ASSETCATALOG_COMPILER_APPICON_NAME = AppIcon;
				CLANG_ENABLE_MODULES = YES;
				CODE_SIGN_ENTITLEMENTS = Accord/Accord.entitlements;
				CODE_SIGN_IDENTITY = "iPhone Developer";
				"CODE_SIGN_IDENTITY[sdk=iphoneos*]" = "iPhone Developer";
				FRAMEWORK_SEARCH_PATHS = (
					"$(inherited)",
					/Users/leoleez/Documents/FacebookSDK,
					/Users/leoleez/Documents/FacebookSDK/FBAudienceNetwork,
					"$(PROJECT_DIR)",
				);
				INFOPLIST_FILE = Accord/Info.plist;
				LD_RUNPATH_SEARCH_PATHS = "$(inherited) @executable_path/Frameworks";
				LIBRARY_SEARCH_PATHS = (
					"$(inherited)",
					/Users/leoleez/Documents/GoogleAnalyticsServicesiOS_3.10,
				);
				PRODUCT_NAME = "$(TARGET_NAME)";
				PROVISIONING_PROFILE = "";
				SWIFT_OBJC_BRIDGING_HEADER = "Accord-Bridging-Header.h";
				SWIFT_OPTIMIZATION_LEVEL = "-Onone";
			};
			name = Debug;
		};
		3885868D19CA9CBC00E79A17 /* Release */ = {
			isa = XCBuildConfiguration;
			buildSettings = {
				ASSETCATALOG_COMPILER_APPICON_NAME = AppIcon;
				CLANG_ENABLE_MODULES = YES;
				CODE_SIGN_ENTITLEMENTS = Accord/Accord.entitlements;
				CODE_SIGN_IDENTITY = "iPhone Developer";
				"CODE_SIGN_IDENTITY[sdk=iphoneos*]" = "iPhone Developer";
				FRAMEWORK_SEARCH_PATHS = (
					"$(inherited)",
					/Users/leoleez/Documents/FacebookSDK,
					/Users/leoleez/Documents/FacebookSDK/FBAudienceNetwork,
					"$(PROJECT_DIR)",
				);
				INFOPLIST_FILE = Accord/Info.plist;
				LD_RUNPATH_SEARCH_PATHS = "$(inherited) @executable_path/Frameworks";
				LIBRARY_SEARCH_PATHS = (
					"$(inherited)",
					/Users/leoleez/Documents/GoogleAnalyticsServicesiOS_3.10,
				);
				PRODUCT_NAME = "$(TARGET_NAME)";
				PROVISIONING_PROFILE = "";
				SWIFT_OBJC_BRIDGING_HEADER = "Accord-Bridging-Header.h";
			};
			name = Release;
		};
		3885868F19CA9CBC00E79A17 /* Debug */ = {
			isa = XCBuildConfiguration;
			buildSettings = {
				BUNDLE_LOADER = "$(TEST_HOST)";
				FRAMEWORK_SEARCH_PATHS = (
					"$(SDKROOT)/Developer/Library/Frameworks",
					"$(inherited)",
				);
				GCC_PREPROCESSOR_DEFINITIONS = (
					"DEBUG=1",
					"$(inherited)",
				);
				INFOPLIST_FILE = AccordTests/Info.plist;
				LD_RUNPATH_SEARCH_PATHS = "$(inherited) @executable_path/Frameworks @loader_path/Frameworks";
				PRODUCT_NAME = "$(TARGET_NAME)";
				TEST_HOST = "$(BUILT_PRODUCTS_DIR)/Accord.app/Accord";
			};
			name = Debug;
		};
		3885869019CA9CBC00E79A17 /* Release */ = {
			isa = XCBuildConfiguration;
			buildSettings = {
				BUNDLE_LOADER = "$(TEST_HOST)";
				FRAMEWORK_SEARCH_PATHS = (
					"$(SDKROOT)/Developer/Library/Frameworks",
					"$(inherited)",
				);
				INFOPLIST_FILE = AccordTests/Info.plist;
				LD_RUNPATH_SEARCH_PATHS = "$(inherited) @executable_path/Frameworks @loader_path/Frameworks";
				PRODUCT_NAME = "$(TARGET_NAME)";
				TEST_HOST = "$(BUILT_PRODUCTS_DIR)/Accord.app/Accord";
			};
			name = Release;
		};
/* End XCBuildConfiguration section */

/* Begin XCConfigurationList section */
		3885866419CA9CBC00E79A17 /* Build configuration list for PBXProject "Accord" */ = {
			isa = XCConfigurationList;
			buildConfigurations = (
				3885868919CA9CBC00E79A17 /* Debug */,
				3885868A19CA9CBC00E79A17 /* Release */,
			);
			defaultConfigurationIsVisible = 0;
			defaultConfigurationName = Release;
		};
		3885868B19CA9CBC00E79A17 /* Build configuration list for PBXNativeTarget "Accord" */ = {
			isa = XCConfigurationList;
			buildConfigurations = (
				3885868C19CA9CBC00E79A17 /* Debug */,
				3885868D19CA9CBC00E79A17 /* Release */,
			);
			defaultConfigurationIsVisible = 0;
			defaultConfigurationName = Release;
		};
		3885868E19CA9CBC00E79A17 /* Build configuration list for PBXNativeTarget "AccordTests" */ = {
			isa = XCConfigurationList;
			buildConfigurations = (
				3885868F19CA9CBC00E79A17 /* Debug */,
				3885869019CA9CBC00E79A17 /* Release */,
			);
			defaultConfigurationIsVisible = 0;
			defaultConfigurationName = Release;
		};
/* End XCConfigurationList section */

/* Begin XCVersionGroup section */
		3885867019CA9CBC00E79A17 /* Accord.xcdatamodeld */ = {
			isa = XCVersionGroup;
			children = (
				3885867119CA9CBC00E79A17 /* Accord.xcdatamodel */,
			);
			currentVersion = 3885867119CA9CBC00E79A17 /* Accord.xcdatamodel */;
			path = Accord.xcdatamodeld;
			sourceTree = "<group>";
			versionGroupType = wrapper.xcdatamodel;
		};
/* End XCVersionGroup section */
	};
	rootObject = 3885866119CA9CBC00E79A17 /* Project object */;
}
